
Microsoft Visual Studio Solution File, Format Version 12.00
# Visual Studio Version 17
VisualStudioVersion = 17.9.34728.123
MinimumVisualStudioVersion = 10.0.40219.1
Project("{9A19103F-16F7-4668-BE54-9A1E7A4F7556}") = "Enplace", "Enplace\Enplace\Enplace.csproj", "{F19D8DA1-1572-47AD-A9D4-95198BD4B9C3}"
EndProject
Project("{9A19103F-16F7-4668-BE54-9A1E7A4F7556}") = "Enplace.Service", "Enplace\Enplace.Service\Enplace.Service.csproj", "{4A8D9101-4C2F-4991-AFE9-521EC871BF12}"
EndProject
Project("{9A19103F-16F7-4668-BE54-9A1E7A4F7556}") = "Enplace.Tests", "Enplace\Enplace.Tests\Enplace.Tests.csproj", "{C09FC8C3-55B0-4830-9A3C-3B34CE3561D3}"
EndProject
Global
	GlobalSection(SolutionConfigurationPlatforms) = preSolution
		Debug|Any CPU = Debug|Any CPU
		Release|Any CPU = Release|Any CPU
	EndGlobalSection
	GlobalSection(ProjectConfigurationPlatforms) = postSolution
		{F19D8DA1-1572-47AD-A9D4-95198BD4B9C3}.Debug|Any CPU.ActiveCfg = Debug|Any CPU
		{F19D8DA1-1572-47AD-A9D4-95198BD4B9C3}.Debug|Any CPU.Build.0 = Debug|Any CPU
		{F19D8DA1-1572-47AD-A9D4-95198BD4B9C3}.Release|Any CPU.ActiveCfg = Release|Any CPU
		{F19D8DA1-1572-47AD-A9D4-95198BD4B9C3}.Release|Any CPU.Build.0 = Release|Any CPU
		{4A8D9101-4C2F-4991-AFE9-521EC871BF12}.Debug|Any CPU.ActiveCfg = Debug|Any CPU
		{4A8D9101-4C2F-4991-AFE9-521EC871BF12}.Debug|Any CPU.Build.0 = Debug|Any CPU
		{4A8D9101-4C2F-4991-AFE9-521EC871BF12}.Release|Any CPU.ActiveCfg = Release|Any CPU
		{4A8D9101-4C2F-4991-AFE9-521EC871BF12}.Release|Any CPU.Build.0 = Release|Any CPU
		{C09FC8C3-55B0-4830-9A3C-3B34CE3561D3}.Debug|Any CPU.ActiveCfg = Debug|Any CPU
		{C09FC8C3-55B0-4830-9A3C-3B34CE3561D3}.Debug|Any CPU.Build.0 = Debug|Any CPU
		{C09FC8C3-55B0-4830-9A3C-3B34CE3561D3}.Release|Any CPU.ActiveCfg = Release|Any CPU
		{C09FC8C3-55B0-4830-9A3C-3B34CE3561D3}.Release|Any CPU.Build.0 = Release|Any CPU
	EndGlobalSection
	GlobalSection(SolutionProperties) = preSolution
		HideSolutionNode = FALSE
	EndGlobalSection
	GlobalSection(ExtensibilityGlobals) = postSolution
		SolutionGuid = {4C8B81E8-6A65-4422-B623-A2A8DB79F521}
	EndGlobalSection
EndGlobal
